lockfileVersion: '6.0'

settings:
  autoInstallPeers: true
  excludeLinksFromLockfile: false

dependencies:
  '@supabase/supabase-js':
    specifier: ^2.41.1
    version: 2.41.1
  fs:
    specifier: 0.0.1-security
    version: 0.0.1-security
  path:
    specifier: ^0.12.7
    version: 0.12.7

packages:

  /@supabase/auth-js@2.63.0:
    resolution: {integrity: sha512-yIgcHnlgv24GxHtVGUhwGqAFDyJkPIC/xjx7HostN08A8yCy8HIfl4JEkTKyBqD1v1L05jNEJOUke4Lf4O1+Qg==}
    dependencies:
      '@supabase/node-fetch': 2.6.15
    dev: false

  /@supabase/functions-js@2.2.2:
    resolution: {integrity: sha512-sJGq1nludmi7pY/fdtCpyY/pYonx7MfHdN408bqb736guWcVI1AChYVbI4kUM978EuOE4Ci6l7bUudfGg07QRw==}
    dependencies:
      '@supabase/node-fetch': 2.6.15
    dev: false

  /@supabase/node-fetch@2.6.15:
    resolution: {integrity: sha512-1ibVeYUacxWYi9i0cf5efil6adJ9WRyZBLivgjs+AUpewx1F3xPi7gLgaASI2SmIQxPoCEjAsLAzKPgMJVgOUQ==}
    engines: {node: 4.x || >=6.0.0}
    dependencies:
      whatwg-url: 5.0.0
    dev: false

  /@supabase/postgrest-js@1.9.2:
    resolution: {integrity: sha512-I6yHo8CC9cxhOo6DouDMy9uOfW7hjdsnCxZiaJuIVZm1dBGTFiQPgfMa9zXCamEWzNyWRjZvupAUuX+tqcl5Sw==}
    dependencies:
      '@supabase/node-fetch': 2.6.15
    dev: false

  /@supabase/realtime-js@2.9.3:
    resolution: {integrity: sha512-lAp50s2n3FhGJFq+wTSXLNIDPw5Y0Wxrgt44eM5nLSA3jZNUUP3Oq2Ccd1CbZdVntPCWLZvJaU//pAd2NE+QnQ==}
    dependencies:
      '@supabase/node-fetch': 2.6.15
      '@types/phoenix': 1.6.4
      '@types/ws': 8.5.10
      ws: 8.16.0
    transitivePeerDependencies:
      - bufferutil
      - utf-8-validate
    dev: false

  /@supabase/storage-js@2.5.5:
    resolution: {integrity: sha512-OpLoDRjFwClwc2cjTJZG8XviTiQH4Ik8sCiMK5v7et0MDu2QlXjCAW3ljxJB5+z/KazdMOTnySi+hysxWUPu3w==}
    dependencies:
      '@supabase/node-fetch': 2.6.15
    dev: false

  /@supabase/supabase-js@2.41.1:
    resolution: {integrity: sha512-xmECLhYugMo/6SObpsOhu5xaxVfsk+JK/d4JSh055bpESmgmN3PLpzbfqejKCpaUeeUNF21+lrJp/U9HQzT9mA==}
    dependencies:
      '@supabase/auth-js': 2.63.0
      '@supabase/functions-js': 2.2.2
      '@supabase/node-fetch': 2.6.15
      '@supabase/postgrest-js': 1.9.2
      '@supabase/realtime-js': 2.9.3
      '@supabase/storage-js': 2.5.5
    transitivePeerDependencies:
      - bufferutil
      - utf-8-validate
    dev: false

  /@types/node@20.11.30:
    resolution: {integrity: sha512-dHM6ZxwlmuZaRmUPfv1p+KrdD1Dci04FbdEm/9wEMouFqxYoFl5aMkt0VMAUtYRQDyYvD41WJLukhq/ha3YuTw==}
    dependencies:
      undici-types: 5.26.5
    dev: false

  /@types/phoenix@1.6.4:
    resolution: {integrity: sha512-B34A7uot1Cv0XtaHRYDATltAdKx0BvVKNgYNqE4WjtPUa4VQJM7kxeXcVKaH+KS+kCmZ+6w+QaUdcljiheiBJA==}
    dev: false

  /@types/ws@8.5.10:
    resolution: {integrity: sha512-vmQSUcfalpIq0R9q7uTo2lXs6eGIpt9wtnLdMv9LVpIjCA/+ufZRozlVoVelIYixx1ugCBKDhn89vnsEGOCx9A==}
    dependencies:
      '@types/node': 20.11.30
    dev: false

  /fs@0.0.1-security:
    resolution: {integrity: sha512-3XY9e1pP0CVEUCdj5BmfIZxRBTSDycnbqhIOGec9QYtmVH2fbLpj86CFWkrNOkt/Fvty4KZG5lTglL9j/gJ87w==}
    dev: false

  /inherits@2.0.3:
    resolution: {integrity: sha512-x00IRNXNy63jwGkJmzPigoySHbaqpNuzKbBOmzK+g2OdZpQ9w+sxCN+VSB3ja7IAge2OP2qpfxTjeNcyjmW1uw==}
    dev: false

  /path@0.12.7:
    resolution: {integrity: sha512-aXXC6s+1w7otVF9UletFkFcDsJeO7lSZBPUQhtb5O0xJe8LtYhj/GxldoL09bBj9+ZmE2hNoHqQSFMN5fikh4Q==}
    dependencies:
      process: 0.11.10
      util: 0.10.4
    dev: false

  /process@0.11.10:
    resolution: {integrity: sha512-cdGef/drWFoydD1JsMzuFf8100nZl+GT+yacc2bEced5f9Rjk4z+WtFUTBu9PhOi9j/jfmBPu0mMEY4wIdAF8A==}
    engines: {node: '>= 0.6.0'}
    dev: false

  /tr46@0.0.3:
    resolution: {integrity: sha512-N3WMsuqV66lT30CrXNbEjx4GEwlow3v6rr4mCcv6prnfwhS01rkgyFdjPNBYd9br7LpXV1+Emh01fHnq2Gdgrw==}
    dev: false

  /undici-types@5.26.5:
    resolution: {integrity: sha512-JlCMO+ehdEIKqlFxk6IfVoAUVmgz7cU7zD/h9XZ0qzeosSHmUJVOzSQvvYSYWXkFXC+IfLKSIffhv0sVZup6pA==}
    dev: false

  /util@0.10.4:
    resolution: {integrity: sha512-0Pm9hTQ3se5ll1XihRic3FDIku70C+iHUdT/W926rSgHV5QgXsYbKZN8MSC3tJtSkhuROzvsQjAaFENRXr+19A==}
    dependencies:
      inherits: 2.0.3
    dev: false

  /webidl-conversions@3.0.1:
    resolution: {integrity: sha512-2JAn3z8AR6rjK8Sm8orRC0h/bcl/DqL7tRPdGZ4I1CjdF+EaMLmYxBHyXuKL849eucPFhvBoxMsflfOb8kxaeQ==}
    dev: false

  /whatwg-url@5.0.0:
    resolution: {integrity: sha512-saE57nupxk6v3HY35+jzBwYa0rKSy0XR8JSxZPwgLr7ys0IBzhGviA1/TUGJLmSVqs8pb9AnvICXEuOHLprYTw==}
    dependencies:
      tr46: 0.0.3
      webidl-conversions: 3.0.1
    dev: false

  /ws@8.16.0:
    resolution: {integrity: sha512-HS0c//TP7Ina87TfiPUz1rQzMhHrl/SG2guqRcTOIUYD2q8uhUdNHZYJUaQ8aTGPzCh+c6oawMKW35nFl1dxyQ==}
    engines: {node: '>=10.0.0'}
    peerDependencies:
      bufferutil: ^4.0.1
      utf-8-validate: '>=5.0.2'
    peerDependenciesMeta:
      bufferutil:
        optional: true
      utf-8-validate:
        optional: true
    dev: false
